// !$*UTF8*$!
{
	archiveVersion = 1;
	classes = {
	};
	objectVersion = 46;
	objects = {

/* Begin PBXBuildFile section */
		EC1E4FE31C7D8DDA009514FD /* AppDelegate.swift in Sources */ = {isa = PBXBuildFile; fileRef = EC1E4FE21C7D8DDA009514FD /* AppDelegate.swift */; };
		EC1E4FE81C7D8DDA009514FD /* Main.storyboard in Resources */ = {isa = PBXBuildFile; fileRef = EC1E4FE61C7D8DDA009514FD /* Main.storyboard */; };
		EC1E4FEA1C7D8DDB009514FD /* Assets.xcassets in Resources */ = {isa = PBXBuildFile; fileRef = EC1E4FE91C7D8DDA009514FD /* Assets.xcassets */; };
		EC1E4FED1C7D8DDB009514FD /* LaunchScreen.storyboard in Resources */ = {isa = PBXBuildFile; fileRef = EC1E4FEB1C7D8DDB009514FD /* LaunchScreen.storyboard */; };
/* End PBXBuildFile section */

/* Begin PBXFileReference section */
		EC1E4FDF1C7D8DDA009514FD /* recipe-app.app */ = {isa = PBXFileReference; explicitFileType = wrapper.application; includeInIndex = 0; path = "recipe-app.app"; sourceTree = BUILT_PRODUCTS_DIR; };
		EC1E4FE21C7D8DDA009514FD /* AppDelegate.swift */ = {isa = PBXFileReference; lastKnownFileType = sourcecode.swift; path = AppDelegate.swift; sourceTree = "<group>"; };
		EC1E4FE71C7D8DDA009514FD /* Base */ = {isa = PBXFileReference; lastKnownFileType = file.storyboard; name = Base; path = Base.lproj/Main.storyboard; sourceTree = "<group>"; };
		EC1E4FE91C7D8DDA009514FD /* Assets.xcassets */ = {isa = PBXFileReference; lastKnownFileType = folder.assetcatalog; path = Assets.xcassets; sourceTree = "<group>"; };
		EC1E4FEC1C7D8DDB009514FD /* Base */ = {isa = PBXFileReference; lastKnownFileType = file.storyboard; name = Base; path = Base.lproj/LaunchScreen.storyboard; sourceTree = "<group>"; };
		EC1E4FEE1C7D8DDB009514FD /* Info.plist */ = {isa = PBXFileReference; lastKnownFileType = text.plist.xml; path = Info.plist; sourceTree = "<group>"; };
/* End PBXFileReference section */

/* Begin PBXFrameworksBuildPhase section */
		EC1E4FDC1C7D8DDA009514FD /* Frameworks */ = {
			isa = PBXFrameworksBuildPhase;
			buildActionMask = 2147483647;
			files = (
			);
			runOnlyForDeploymentPostprocessing = 0;
		};
/* End PBXFrameworksBuildPhase section */

/* Begin PBXGroup section */
		EC1E4FD61C7D8DDA009514FD = {
			isa = PBXGroup;
			children = (
				EC1E4FE11C7D8DDA009514FD /* recipe-app */,
				EC1E4FE01C7D8DDA009514FD /* Products */,
			);
			sourceTree = "<group>";
		};
		EC1E4FE01C7D8DDA009514FD /* Products */ = {
			isa = PBXGroup;
			children = (
				EC1E4FDF1C7D8DDA009514FD /* recipe-app.app */,
			);
			name = Products;
			sourceTree = "<group>";
		};
		EC1E4FE11C7D8DDA009514FD /* recipe-app */ = {
			isa = PBXGroup;
			children = (
				EC1E4FF61C7D95C9009514FD /* Views */,
				EC1E4FF51C7D95BA009514FD /* View Controllers */,
				EC1E4FF41C7D95B5009514FD /* API */,
				EC1E4FE21C7D8DDA009514FD /* AppDelegate.swift */,
				EC1E4FE61C7D8DDA009514FD /* Main.storyboard */,
				EC1E4FE91C7D8DDA009514FD /* Assets.xcassets */,
				EC1E4FEB1C7D8DDB009514FD /* LaunchScreen.storyboard */,
				EC1E4FEE1C7D8DDB009514FD /* Info.plist */,
			);
			path = "recipe-app";
			sourceTree = "<group>";
		};
		EC1E4FF41C7D95B5009514FD /* API */ = {
			isa = PBXGroup;
			children = (
			);
			name = API;
			sourceTree = "<group>";
		};
		EC1E4FF51C7D95BA009514FD /* View Controllers */ = {
			isa = PBXGroup;
			children = (
			);
			name = "View Controllers";
			sourceTree = "<group>";
		};
		EC1E4FF61C7D95C9009514FD /* Views */ = {
			isa = PBXGroup;
			children = (
			);
			name = Views;
			sourceTree = "<group>";
		};
/* End PBXGroup section */

/* Begin PBXNativeTarget section */
		EC1E4FDE1C7D8DDA009514FD /* recipe-app */ = {
			isa = PBXNativeTarget;
			buildConfigurationList = EC1E4FF11C7D8DDB009514FD /* Build configuration list for PBXNativeTarget "recipe-app" */;
			buildPhases = (
				EC1E4FDB1C7D8DDA009514FD /* Sources */,
				EC1E4FDC1C7D8DDA009514FD /* Frameworks */,
				EC1E4FDD1C7D8DDA009514FD /* Resources */,
			);
			buildRules = (
			);
			dependencies = (
			);
			name = "recipe-app";
			productName = "recipe-app";
			productReference = EC1E4FDF1C7D8DDA009514FD /* recipe-app.app */;
			productType = "com.apple.product-type.application";
		};
/* End PBXNativeTarget section */

/* Begin PBXProject section */
		EC1E4FD71C7D8DDA009514FD /* Project object */ = {
			isa = PBXProject;
			attributes = {
				LastSwiftUpdateCheck = 0720;
				LastUpgradeCheck = 0720;
				ORGANIZATIONNAME = Sosuke;
				TargetAttributes = {
					EC1E4FDE1C7D8DDA009514FD = {
						CreatedOnToolsVersion = 7.2.1;
						DevelopmentTeam = P244M8PUET;
					};
				};
			};
			buildConfigurationList = EC1E4FDA1C7D8DDA009514FD /* Build configuration list for PBXProject "recipe-app" */;
			compatibilityVersion = "Xcode 3.2";
			developmentRegion = English;
			hasScannedForEncodings = 0;
			knownRegions = (
				en,
				Base,
			);
			mainGroup = EC1E4FD61C7D8DDA009514FD;
			productRefGroup = EC1E4FE01C7D8DDA009514FD /* Products */;
			projectDirPath = "";
			projectRoot = "";
			targets = (
				EC1E4FDE1C7D8DDA009514FD /* recipe-app */,
			);
		};
/* End PBXProject section */

/* Begin PBXResourcesBuildPhase section */
		EC1E4FDD1C7D8DDA009514FD /* Resources */ = {
			isa = PBXResourcesBuildPhase;
			buildActionMask = 2147483647;
			files = (
				EC1E4FED1C7D8DDB009514FD /* LaunchScreen.storyboard in Resources */,
				EC1E4FEA1C7D8DDB009514FD /* Assets.xcassets in Resources */,
				EC1E4FE81C7D8DDA009514FD /* Main.storyboard in Resources */,
			);
			runOnlyForDeploymentPostprocessing = 0;
		};
/* End PBXResourcesBuildPhase section */

/* Begin PBXSourcesBuildPhase section */
		EC1E4FDB1C7D8DDA009514FD /* Sources */ = {
			isa = PBXSourcesBuildPhase;
			buildActionMask = 2147483647;
			files = (
				EC1E4FE31C7D8DDA009514FD /* AppDelegate.swift in Sources */,
			);
			runOnlyForDeploymentPostprocessing = 0;
		};
/* End PBXSourcesBuildPhase section */

/* Begin PBXVariantGroup section */
		EC1E4FE61C7D8DDA009514FD /* Main.storyboard */ = {
			isa = PBXVariantGroup;
			children = (
				EC1E4FE71C7D8DDA009514FD /* Base */,
			);
			name = Main.storyboard;
			sourceTree = "<group>";
		};
		EC1E4FEB1C7D8DDB009514FD /* LaunchScreen.storyboard */ = {
			isa = PBXVariantGroup;
			children = (
				EC1E4FEC1C7D8DDB009514FD /* Base */,
			);
			name = LaunchScreen.storyboard;
			sourceTree = "<group>";
		};
/* End PBXVariantGroup section */

/* Begin XCBuildConfiguration section */
		EC1E4FEF1C7D8DDB009514FD /* Debug */ = {
			isa = XCBuildConfiguration;
			buildSettings = {
				ALWAYS_SEARCH_USER_PATHS = NO;
				CLANG_CXX_LANGUAGE_STANDARD = "gnu++0x";
				CLANG_CXX_LIBRARY = "libc++";
				CLANG_ENABLE_MODULES = YES;
				CLANG_ENABLE_OBJC_ARC = YES;
				CLANG_WARN_BOOL_CONVERSION = YES;
				CLANG_WARN_CONSTANT_CONVERSION = YES;
				CLANG_WARN_DIRECT_OBJC_ISA_USAGE = YES_ERROR;
				CLANG_WARN_EMPTY_BODY = YES;
				CLANG_WARN_ENUM_CONVERSION = YES;
				CLANG_WARN_INT_CONVERSION = YES;
				CLANG_WARN_OBJC_ROOT_CLASS = YES_ERROR;
				CLANG_WARN_UNREACHABLE_CODE = YES;
				CLANG_WARN__DUPLICATE_METHOD_MATCH = YES;
				"CODE_SIGN_IDENTITY[sdk=iphoneos*]" = "iPhone Developer";
				COPY_PHASE_STRIP = NO;
				DEBUG_INFORMATION_FORMAT = dwarf;
				ENABLE_STRICT_OBJC_MSGSEND = YES;
				ENABLE_TESTABILITY = YES;
				GCC_C_LANGUAGE_STANDARD = gnu99;
				GCC_DYNAMIC_NO_PIC = NO;
				GCC_NO_COMMON_BLOCKS = YES;
				GCC_OPTIMIZATION_LEVEL = 0;
				GCC_PREPROCESSOR_DEFINITIONS = (
					"DEBUG=1",
					"$(inherited)",
				);
				GCC_WARN_64_TO_32_BIT_CONVERSION = YES;
				GCC_WARN_ABOUT_RETURN_TYPE = YES_ERROR;
				GCC_WARN_UNDECLARED_SELECTOR = YES;
				GCC_WARN_UNINITIALIZED_AUTOS = YES_AGGRESSIVE;
				GCC_WARN_UNUSED_FUNCTION = YES;
				GCC_WARN_UNUSED_VARIABLE = YES;
				IPHONEOS_DEPLOYMENT_TARGET = 9.2;
				MTL_ENABLE_DEBUG_INFO = YES;
				ONLY_ACTIVE_ARCH = YES;
				SDKROOT = iphoneos;
				SWIFT_OPTIMIZATION_LEVEL = "-Onone";
				TARGETED_DEVICE_FAMILY = "1,2";
			};
			name = Debug;
		};
		EC1E4FF01C7D8DDB009514FD /* Release */ = {
			isa = XCBuildConfiguration;
			buildSettings = {
				ALWAYS_SEARCH_USER_PATHS = NO;
				CLANG_CXX_LANGUAGE_STANDARD = "gnu++0x";
				CLANG_CXX_LIBRARY = "libc++";
				CLANG_ENABLE_MODULES = YES;
				CLANG_ENABLE_OBJC_ARC = YES;
				CLANG_WARN_BOOL_CONVERSION = YES;
				CLANG_WARN_CONSTANT_CONVERSION = YES;
				CLANG_WARN_DIRECT_OBJC_ISA_USAGE = YES_ERROR;
				CLANG_WARN_EMPTY_BODY = YES;
				CLANG_WARN_ENUM_CONVERSION = YES;
				CLANG_WARN_INT_CONVERSION = YES;
				CLANG_WARN_OBJC_ROOT_CLASS = YES_ERROR;
				CLANG_WARN_UNREACHABLE_CODE = YES;
				CLANG_WARN__DUPLICATE_METHOD_MATCH = YES;
				"CODE_SIGN_IDENTITY[sdk=iphoneos*]" = "iPhone Developer";
				COPY_PHASE_STRIP = NO;
				DEBUG_INFORMATION_FORMAT = "dwarf-with-dsym";
				ENABLE_NS_ASSERTIONS = NO;
				ENABLE_STRICT_OBJC_MSGSEND = YES;
				GCC_C_LANGUAGE_STANDARD = gnu99;
				GCC_NO_COMMON_BLOCKS = YES;
				GCC_WARN_64_TO_32_BIT_CONVERSION = YES;
				GCC_WARN_ABOUT_RETURN_TYPE = YES_ERROR;
				GCC_WARN_UNDECLARED_SELECTOR = YES;
				GCC_WARN_UNINITIALIZED_AUTOS = YES_AGGRESSIVE;
				GCC_WARN_UNUSED_FUNCTION = YES;
				GCC_WARN_UNUSED_VARIABLE = YES;
				IPHONEOS_DEPLOYMENT_TARGET = 9.2;
				MTL_ENABLE_DEBUG_INFO = NO;
				SDKROOT = iphoneos;
				TARGETED_DEVICE_FAMILY = "1,2";
				VALIDATE_PRODUCT = YES;
			};
			name = Release;
		};
		EC1E4FF21C7D8DDB009514FD /* Debug */ = {
			isa = XCBuildConfiguration;
			buildSettings = {
				ASSETCATALOG_COMPILER_APPICON_NAME = AppIcon;
				INFOPLIST_FILE = "recipe-app/Info.plist";
				LD_RUNPATH_SEARCH_PATHS = "$(inherited) @executable_path/Frameworks";
				PRODUCT_BUNDLE_IDENTIFIER = "com.Sosuke.recipe-app";
				PRODUCT_NAME = "$(TARGET_NAME)";
			};
			name = Debug;
		};
		EC1E4FF31C7D8DDB009514FD /* Release */ = {
			isa = XCBuildConfiguration;
			buildSettings = {
				ASSETCATALOG_COMPILER_APPICON_NAME = AppIcon;
				INFOPLIST_FILE = "recipe-app/Info.plist";
				LD_RUNPATH_SEARCH_PATHS = "$(inherited) @executable_path/Frameworks";
				PRODUCT_BUNDLE_IDENTIFIER = "com.Sosuke.recipe-app";
				PRODUCT_NAME = "$(TARGET_NAME)";
			};
			name = Release;
		};
/* End XCBuildConfiguration section */

/* Begin XCConfigurationList section */
		EC1E4FDA1C7D8DDA009514FD /* Build configuration list for PBXProject "recipe-app" */ = {
			isa = XCConfigurationList;
			buildConfigurations = (
				EC1E4FEF1C7D8DDB009514FD /* Debug */,
				EC1E4FF01C7D8DDB009514FD /* Release */,
			);
			defaultConfigurationIsVisible = 0;
			defaultConfigurationName = Release;
		};
		EC1E4FF11C7D8DDB009514FD /* Build configuration list for PBXNativeTarget "recipe-app" */ = {
			isa = XCConfigurationList;
			buildConfigurations = (
				EC1E4FF21C7D8DDB009514FD /* Debug */,
				EC1E4FF31C7D8DDB009514FD /* Release */,
			);
			defaultConfigurationIsVisible = 0;
			defaultConfigurationName = Release;
		};
/* End XCConfigurationList section */
	};
	rootObject = EC1E4FD71C7D8DDA009514FD /* Project object */;
}
